
Microsoft Visual Studio Solution File, Format Version 11.00
# Visual Studio 2010
Project("{FAE04EC0-301F-11D3-BF4B-00C04F79EFBC}") = "chickencoup", "Assembly-CSharp.csproj", "{28BD2D15-FBCF-856C-3512-47A5698F680E}"
EndProject
Project("{FAE04EC0-301F-11D3-BF4B-00C04F79EFBC}") = "chickencoup", "Assembly-CSharp-firstpass.csproj", "{769012F1-E21E-C0F4-141E-B33A271CF06C}"
EndProject
Project("{FAE04EC0-301F-11D3-BF4B-00C04F79EFBC}") = "chickencoup", "Assembly-CSharp-Editor-firstpass.csproj", "{DCEBC524-A927-DD3F-8B02-922CC9276AEE}"
EndProject
Global
	GlobalSection(SolutionConfigurationPlatforms) = preSolution
		Debug|Any CPU = Debug|Any CPU
		Release|Any CPU = Release|Any CPU
	EndGlobalSection
	GlobalSection(ProjectConfigurationPlatforms) = postSolution
		{28BD2D15-FBCF-856C-3512-47A5698F680E}.Debug|Any CPU.ActiveCfg = Debug|Any CPU
		{28BD2D15-FBCF-856C-3512-47A5698F680E}.Debug|Any CPU.Build.0 = Debug|Any CPU
		{28BD2D15-FBCF-856C-3512-47A5698F680E}.Release|Any CPU.ActiveCfg = Release|Any CPU
		{28BD2D15-FBCF-856C-3512-47A5698F680E}.Release|Any CPU.Build.0 = Release|Any CPU
		{769012F1-E21E-C0F4-141E-B33A271CF06C}.Debug|Any CPU.ActiveCfg = Debug|Any CPU
		{769012F1-E21E-C0F4-141E-B33A271CF06C}.Debug|Any CPU.Build.0 = Debug|Any CPU
		{769012F1-E21E-C0F4-141E-B33A271CF06C}.Release|Any CPU.ActiveCfg = Release|Any CPU
		{769012F1-E21E-C0F4-141E-B33A271CF06C}.Release|Any CPU.Build.0 = Release|Any CPU
		{DCEBC524-A927-DD3F-8B02-922CC9276AEE}.Debug|Any CPU.ActiveCfg = Debug|Any CPU
		{DCEBC524-A927-DD3F-8B02-922CC9276AEE}.Debug|Any CPU.Build.0 = Debug|Any CPU
		{DCEBC524-A927-DD3F-8B02-922CC9276AEE}.Release|Any CPU.ActiveCfg = Release|Any CPU
		{DCEBC524-A927-DD3F-8B02-922CC9276AEE}.Release|Any CPU.Build.0 = Release|Any CPU
	EndGlobalSection
	GlobalSection(SolutionProperties) = preSolution
		HideSolutionNode = FALSE
	EndGlobalSection
	GlobalSection(MonoDevelopProperties) = preSolution
		StartupItem = Assembly-CSharp.csproj
	EndGlobalSection
EndGlobal
